// !$*UTF8*$!
{
	archiveVersion = 1;
	classes = {
	};
	objectVersion = 47;
	objects = {

/* Begin PBXBuildFile section */
		A9298FAA1C31730F00094259 /* SGFParser.swift in Sources */ = {isa = PBXBuildFile; fileRef = A9298FA91C31730F00094259 /* SGFParser.swift */; };
		A9298FAD1C31810800094259 /* StringExtension.swift in Sources */ = {isa = PBXBuildFile; fileRef = A9298FAC1C31810800094259 /* StringExtension.swift */; };
		A96C71A81C2FF1D60024C263 /* GameViewController.swift in Sources */ = {isa = PBXBuildFile; fileRef = A96C71A71C2FF1D60024C263 /* GameViewController.swift */; };
		A96C71AA1C2FF4A80024C263 /* GameInfo.swift in Sources */ = {isa = PBXBuildFile; fileRef = A96C71A91C2FF4A80024C263 /* GameInfo.swift */; };
		A96C71AC1C3001B50024C263 /* GobanView.swift in Sources */ = {isa = PBXBuildFile; fileRef = A96C71AB1C3001B50024C263 /* GobanView.swift */; };
		A96C71B11C3005040024C263 /* Black.png in Resources */ = {isa = PBXBuildFile; fileRef = A96C71AE1C3005040024C263 /* Black.png */; };
		A96C71B21C3005040024C263 /* board_back.png in Resources */ = {isa = PBXBuildFile; fileRef = A96C71AF1C3005040024C263 /* board_back.png */; };
		A96C71B31C3005040024C263 /* White.png in Resources */ = {isa = PBXBuildFile; fileRef = A96C71B01C3005040024C263 /* White.png */; };
		A9AA0C751C34110E00C76284 /* 001.sgf in Resources */ = {isa = PBXBuildFile; fileRef = A9AA0C741C34110E00C76284 /* 001.sgf */; };
		A9F2779C1C2FEA9900B19300 /* Move.swift in Sources */ = {isa = PBXBuildFile; fileRef = A9F277991C2FEA9900B19300 /* Move.swift */; };
		A9F2779D1C2FEA9900B19300 /* StoneType.swift in Sources */ = {isa = PBXBuildFile; fileRef = A9F2779A1C2FEA9900B19300 /* StoneType.swift */; };
		A9F2779E1C2FEA9900B19300 /* Location.swift in Sources */ = {isa = PBXBuildFile; fileRef = A9F2779B1C2FEA9900B19300 /* Location.swift */; };
		A9F8B6CE1C2FE05400540306 /* AppDelegate.swift in Sources */ = {isa = PBXBuildFile; fileRef = A9F8B6CD1C2FE05400540306 /* AppDelegate.swift */; };
		A9F8B6D01C2FE05400540306 /* HomeViewController.swift in Sources */ = {isa = PBXBuildFile; fileRef = A9F8B6CF1C2FE05400540306 /* HomeViewController.swift */; };
		A9F8B6D31C2FE05400540306 /* Main.storyboard in Resources */ = {isa = PBXBuildFile; fileRef = A9F8B6D11C2FE05400540306 /* Main.storyboard */; };
		A9F8B6D51C2FE05400540306 /* Assets.xcassets in Resources */ = {isa = PBXBuildFile; fileRef = A9F8B6D41C2FE05400540306 /* Assets.xcassets */; };
		A9F8B6D81C2FE05400540306 /* LaunchScreen.storyboard in Resources */ = {isa = PBXBuildFile; fileRef = A9F8B6D61C2FE05400540306 /* LaunchScreen.storyboard */; };
		A9F8B6E31C2FE05400540306 /* GoTaoTests.swift in Sources */ = {isa = PBXBuildFile; fileRef = A9F8B6E21C2FE05400540306 /* GoTaoTests.swift */; };
/* End PBXBuildFile section */

/* Begin PBXContainerItemProxy section */
		A9F8B6DF1C2FE05400540306 /* PBXContainerItemProxy */ = {
			isa = PBXContainerItemProxy;
			containerPortal = A9F8B6C21C2FE05400540306 /* Project object */;
			proxyType = 1;
			remoteGlobalIDString = A9F8B6C91C2FE05400540306;
			remoteInfo = GoTao;
		};
/* End PBXContainerItemProxy section */

/* Begin PBXFileReference section */
		A9298FA91C31730F00094259 /* SGFParser.swift */ = {isa = PBXFileReference; fileEncoding = 4; lastKnownFileType = sourcecode.swift; name = SGFParser.swift; path = Models/SGFParser.swift; sourceTree = "<group>"; };
		A9298FAC1C31810800094259 /* StringExtension.swift */ = {isa = PBXFileReference; fileEncoding = 4; lastKnownFileType = sourcecode.swift; path = StringExtension.swift; sourceTree = "<group>"; };
		A96C71A71C2FF1D60024C263 /* GameViewController.swift */ = {isa = PBXFileReference; fileEncoding = 4; lastKnownFileType = sourcecode.swift; name = GameViewController.swift; path = Game/GameViewController.swift; sourceTree = "<group>"; };
		A96C71A91C2FF4A80024C263 /* GameInfo.swift */ = {isa = PBXFileReference; fileEncoding = 4; lastKnownFileType = sourcecode.swift; path = GameInfo.swift; sourceTree = "<group>"; };
		A96C71AB1C3001B50024C263 /* GobanView.swift */ = {isa = PBXFileReference; fileEncoding = 4; lastKnownFileType = sourcecode.swift; name = GobanView.swift; path = Game/GobanView.swift; sourceTree = "<group>"; };
		A96C71AE1C3005040024C263 /* Black.png */ = {isa = PBXFileReference; lastKnownFileType = image.png; path = Black.png; sourceTree = "<group>"; };
		A96C71AF1C3005040024C263 /* board_back.png */ = {isa = PBXFileReference; lastKnownFileType = image.png; path = board_back.png; sourceTree = "<group>"; };
		A96C71B01C3005040024C263 /* White.png */ = {isa = PBXFileReference; lastKnownFileType = image.png; path = White.png; sourceTree = "<group>"; };
		A9AA0C741C34110E00C76284 /* 001.sgf */ = {isa = PBXFileReference; fileEncoding = 4; lastKnownFileType = text; path = 001.sgf; sourceTree = "<group>"; };
		A9F277991C2FEA9900B19300 /* Move.swift */ = {isa = PBXFileReference; fileEncoding = 4; lastKnownFileType = sourcecode.swift; name = Move.swift; path = Models/Move.swift; sourceTree = "<group>"; };
		A9F2779A1C2FEA9900B19300 /* StoneType.swift */ = {isa = PBXFileReference; fileEncoding = 4; lastKnownFileType = sourcecode.swift; name = StoneType.swift; path = Models/StoneType.swift; sourceTree = "<group>"; };
		A9F2779B1C2FEA9900B19300 /* Location.swift */ = {isa = PBXFileReference; fileEncoding = 4; lastKnownFileType = sourcecode.swift; name = Location.swift; path = Models/Location.swift; sourceTree = "<group>"; };
		A9F8B6CA1C2FE05400540306 /* GoTao.app */ = {isa = PBXFileReference; explicitFileType = wrapper.application; includeInIndex = 0; path = GoTao.app; sourceTree = BUILT_PRODUCTS_DIR; };
		A9F8B6CD1C2FE05400540306 /* AppDelegate.swift */ = {isa = PBXFileReference; lastKnownFileType = sourcecode.swift; path = AppDelegate.swift; sourceTree = "<group>"; };
		A9F8B6CF1C2FE05400540306 /* HomeViewController.swift */ = {isa = PBXFileReference; lastKnownFileType = sourcecode.swift; path = HomeViewController.swift; sourceTree = "<group>"; };
		A9F8B6D21C2FE05400540306 /* Base */ = {isa = PBXFileReference; lastKnownFileType = file.storyboard; name = Base; path = Base.lproj/Main.storyboard; sourceTree = "<group>"; };
		A9F8B6D41C2FE05400540306 /* Assets.xcassets */ = {isa = PBXFileReference; lastKnownFileType = folder.assetcatalog; path = Assets.xcassets; sourceTree = "<group>"; };
		A9F8B6D71C2FE05400540306 /* Base */ = {isa = PBXFileReference; lastKnownFileType = file.storyboard; name = Base; path = Base.lproj/LaunchScreen.storyboard; sourceTree = "<group>"; };
		A9F8B6D91C2FE05400540306 /* Info.plist */ = {isa = PBXFileReference; lastKnownFileType = text.plist.xml; path = Info.plist; sourceTree = "<group>"; };
		A9F8B6DE1C2FE05400540306 /* GoTaoTests.xctest */ = {isa = PBXFileReference; explicitFileType = wrapper.cfbundle; includeInIndex = 0; path = GoTaoTests.xctest; sourceTree = BUILT_PRODUCTS_DIR; };
		A9F8B6E21C2FE05400540306 /* GoTaoTests.swift */ = {isa = PBXFileReference; lastKnownFileType = sourcecode.swift; path = GoTaoTests.swift; sourceTree = "<group>"; };
		A9F8B6E41C2FE05400540306 /* Info.plist */ = {isa = PBXFileReference; lastKnownFileType = text.plist.xml; path = Info.plist; sourceTree = "<group>"; };
		A9F8B6ED1C2FE05400540306 /* GoTaoUITests.swift */ = {isa = PBXFileReference; lastKnownFileType = sourcecode.swift; path = GoTaoUITests.swift; sourceTree = "<group>"; };
		A9F8B6EF1C2FE05400540306 /* Info.plist */ = {isa = PBXFileReference; lastKnownFileType = text.plist.xml; path = Info.plist; sourceTree = "<group>"; };
/* End PBXFileReference section */

/* Begin PBXFrameworksBuildPhase section */
		A9F8B6C71C2FE05400540306 /* Frameworks */ = {
			isa = PBXFrameworksBuildPhase;
			buildActionMask = 2147483647;
			files = (
			);
			runOnlyForDeploymentPostprocessing = 0;
		};
		A9F8B6DB1C2FE05400540306 /* Frameworks */ = {
			isa = PBXFrameworksBuildPhase;
			buildActionMask = 2147483647;
			files = (
			);
			runOnlyForDeploymentPostprocessing = 0;
		};
/* End PBXFrameworksBuildPhase section */

/* Begin PBXGroup section */
		A9298FAB1C3180F600094259 /* Extension */ = {
			isa = PBXGroup;
			children = (
				A9298FAC1C31810800094259 /* StringExtension.swift */,
			);
			name = Extension;
			sourceTree = "<group>";
		};
		A96C71AD1C3005040024C263 /* statics */ = {
			isa = PBXGroup;
			children = (
				A96C71AE1C3005040024C263 /* Black.png */,
				A96C71AF1C3005040024C263 /* board_back.png */,
				A96C71B01C3005040024C263 /* White.png */,
				A9AA0C741C34110E00C76284 /* 001.sgf */,
			);
			path = statics;
			sourceTree = "<group>";
		};
		A9F8B6C11C2FE05400540306 = {
			isa = PBXGroup;
			children = (
				A9F8B6CC1C2FE05400540306 /* GoTao */,
				A9F8B6E11C2FE05400540306 /* GoTaoTests */,
				A9F8B6EC1C2FE05400540306 /* GoTaoUITests */,
				A9F8B6CB1C2FE05400540306 /* Products */,
			);
			sourceTree = "<group>";
		};
		A9F8B6CB1C2FE05400540306 /* Products */ = {
			isa = PBXGroup;
			children = (
				A9F8B6CA1C2FE05400540306 /* GoTao.app */,
				A9F8B6DE1C2FE05400540306 /* GoTaoTests.xctest */,
			);
			name = Products;
			sourceTree = "<group>";
		};
		A9F8B6CC1C2FE05400540306 /* GoTao */ = {
			isa = PBXGroup;
			children = (
				A9298FAB1C3180F600094259 /* Extension */,
				A96C71AD1C3005040024C263 /* statics */,
				A9F8B6FD1C2FE4C600540306 /* Models */,
				A9F8B6FC1C2FE4BD00540306 /* Game */,
				A9F8B6FB1C2FE4B500540306 /* Home */,
				A9F8B6CD1C2FE05400540306 /* AppDelegate.swift */,
				A9F8B6D11C2FE05400540306 /* Main.storyboard */,
				A9F8B6D41C2FE05400540306 /* Assets.xcassets */,
				A9F8B6D61C2FE05400540306 /* LaunchScreen.storyboard */,
				A9F8B6D91C2FE05400540306 /* Info.plist */,
			);
			path = GoTao;
			sourceTree = "<group>";
		};
		A9F8B6E11C2FE05400540306 /* GoTaoTests */ = {
			isa = PBXGroup;
			children = (
				A9F8B6E21C2FE05400540306 /* GoTaoTests.swift */,
				A9F8B6E41C2FE05400540306 /* Info.plist */,
			);
			path = GoTaoTests;
			sourceTree = "<group>";
		};
		A9F8B6EC1C2FE05400540306 /* GoTaoUITests */ = {
			isa = PBXGroup;
			children = (
				A9F8B6ED1C2FE05400540306 /* GoTaoUITests.swift */,
				A9F8B6EF1C2FE05400540306 /* Info.plist */,
			);
			path = GoTaoUITests;
			sourceTree = "<group>";
		};
		A9F8B6FB1C2FE4B500540306 /* Home */ = {
			isa = PBXGroup;
			children = (
				A9F8B6CF1C2FE05400540306 /* HomeViewController.swift */,
			);
			name = Home;
			sourceTree = "<group>";
		};
		A9F8B6FC1C2FE4BD00540306 /* Game */ = {
			isa = PBXGroup;
			children = (
				A96C71A71C2FF1D60024C263 /* GameViewController.swift */,
				A96C71AB1C3001B50024C263 /* GobanView.swift */,
			);
			name = Game;
			sourceTree = "<group>";
		};
		A9F8B6FD1C2FE4C600540306 /* Models */ = {
			isa = PBXGroup;
			children = (
				A9F277991C2FEA9900B19300 /* Move.swift */,
				A9F2779A1C2FEA9900B19300 /* StoneType.swift */,
				A9F2779B1C2FEA9900B19300 /* Location.swift */,
				A9298FA91C31730F00094259 /* SGFParser.swift */,
				A96C71A91C2FF4A80024C263 /* GameInfo.swift */,
			);
			name = Models;
			sourceTree = "<group>";
		};
/* End PBXGroup section */

/* Begin PBXNativeTarget section */
		A9F8B6C91C2FE05400540306 /* GoTao */ = {
			isa = PBXNativeTarget;
			buildConfigurationList = A9F8B6F21C2FE05400540306 /* Build configuration list for PBXNativeTarget "GoTao" */;
			buildPhases = (
				A9F8B6C61C2FE05400540306 /* Sources */,
				A9F8B6C71C2FE05400540306 /* Frameworks */,
				A9F8B6C81C2FE05400540306 /* Resources */,
			);
			buildRules = (
			);
			dependencies = (
			);
			name = GoTao;
			productName = GoTao;
			productReference = A9F8B6CA1C2FE05400540306 /* GoTao.app */;
			productType = "com.apple.product-type.application";
		};
		A9F8B6DD1C2FE05400540306 /* GoTaoTests */ = {
			isa = PBXNativeTarget;
			buildConfigurationList = A9F8B6F51C2FE05400540306 /* Build configuration list for PBXNativeTarget "GoTaoTests" */;
			buildPhases = (
				A9F8B6DA1C2FE05400540306 /* Sources */,
				A9F8B6DB1C2FE05400540306 /* Frameworks */,
				A9F8B6DC1C2FE05400540306 /* Resources */,
			);
			buildRules = (
			);
			dependencies = (
				A9F8B6E01C2FE05400540306 /* PBXTargetDependency */,
			);
			name = GoTaoTests;
			productName = GoTaoTests;
			productReference = A9F8B6DE1C2FE05400540306 /* GoTaoTests.xctest */;
			productType = "com.apple.product-type.bundle.unit-test";
		};
/* End PBXNativeTarget section */

/* Begin PBXProject section */
		A9F8B6C21C2FE05400540306 /* Project object */ = {
			isa = PBXProject;
			attributes = {
				LastSwiftUpdateCheck = 0720;
				LastUpgradeCheck = 0720;
				ORGANIZATIONNAME = markNote;
				TargetAttributes = {
					A9F8B6C91C2FE05400540306 = {
						CreatedOnToolsVersion = 7.2;
					};
					A9F8B6DD1C2FE05400540306 = {
						CreatedOnToolsVersion = 7.2;
						TestTargetID = A9F8B6C91C2FE05400540306;
					};
				};
			};
			buildConfigurationList = A9F8B6C51C2FE05400540306 /* Build configuration list for PBXProject "GoTao" */;
			compatibilityVersion = "Xcode 6.3";
			developmentRegion = English;
			hasScannedForEncodings = 0;
			knownRegions = (
				en,
				Base,
			);
			mainGroup = A9F8B6C11C2FE05400540306;
			productRefGroup = A9F8B6CB1C2FE05400540306 /* Products */;
			projectDirPath = "";
			projectRoot = "";
			targets = (
				A9F8B6C91C2FE05400540306 /* GoTao */,
				A9F8B6DD1C2FE05400540306 /* GoTaoTests */,
			);
		};
/* End PBXProject section */

/* Begin PBXResourcesBuildPhase section */
		A9F8B6C81C2FE05400540306 /* Resources */ = {
			isa = PBXResourcesBuildPhase;
			buildActionMask = 2147483647;
			files = (
				A9F8B6D81C2FE05400540306 /* LaunchScreen.storyboard in Resources */,
				A96C71B21C3005040024C263 /* board_back.png in Resources */,
				A9AA0C751C34110E00C76284 /* 001.sgf in Resources */,
				A96C71B11C3005040024C263 /* Black.png in Resources */,
				A96C71B31C3005040024C263 /* White.png in Resources */,
				A9F8B6D51C2FE05400540306 /* Assets.xcassets in Resources */,
				A9F8B6D31C2FE05400540306 /* Main.storyboard in Resources */,
			);
			runOnlyForDeploymentPostprocessing = 0;
		};
		A9F8B6DC1C2FE05400540306 /* Resources */ = {
			isa = PBXResourcesBuildPhase;
			buildActionMask = 2147483647;
			files = (
			);
			runOnlyForDeploymentPostprocessing = 0;
		};
/* End PBXResourcesBuildPhase section */

/* Begin PBXSourcesBuildPhase section */
		A9F8B6C61C2FE05400540306 /* Sources */ = {
			isa = PBXSourcesBuildPhase;
			buildActionMask = 2147483647;
			files = (
				A96C71AA1C2FF4A80024C263 /* GameInfo.swift in Sources */,
				A9F2779C1C2FEA9900B19300 /* Move.swift in Sources */,
				A9298FAD1C31810800094259 /* StringExtension.swift in Sources */,
				A9F2779D1C2FEA9900B19300 /* StoneType.swift in Sources */,
				A9298FAA1C31730F00094259 /* SGFParser.swift in Sources */,
				A9F2779E1C2FEA9900B19300 /* Location.swift in Sources */,
				A96C71AC1C3001B50024C263 /* GobanView.swift in Sources */,
				A9F8B6D01C2FE05400540306 /* HomeViewController.swift in Sources */,
				A96C71A81C2FF1D60024C263 /* GameViewController.swift in Sources */,
				A9F8B6CE1C2FE05400540306 /* AppDelegate.swift in Sources */,
			);
			runOnlyForDeploymentPostprocessing = 0;
		};
		A9F8B6DA1C2FE05400540306 /* Sources */ = {
			isa = PBXSourcesBuildPhase;
			buildActionMask = 2147483647;
			files = (
				A9F8B6E31C2FE05400540306 /* GoTaoTests.swift in Sources */,
			);
			runOnlyForDeploymentPostprocessing = 0;
		};
/* End PBXSourcesBuildPhase section */

/* Begin PBXTargetDependency section */
		A9F8B6E01C2FE05400540306 /* PBXTargetDependency */ = {
			isa = PBXTargetDependency;
			target = A9F8B6C91C2FE05400540306 /* GoTao */;
			targetProxy = A9F8B6DF1C2FE05400540306 /* PBXContainerItemProxy */;
		};
/* End PBXTargetDependency section */

/* Begin PBXVariantGroup section */
		A9F8B6D11C2FE05400540306 /* Main.storyboard */ = {
			isa = PBXVariantGroup;
			children = (
				A9F8B6D21C2FE05400540306 /* Base */,
			);
			name = Main.storyboard;
			sourceTree = "<group>";
		};
		A9F8B6D61C2FE05400540306 /* LaunchScreen.storyboard */ = {
			isa = PBXVariantGroup;
			children = (
				A9F8B6D71C2FE05400540306 /* Base */,
			);
			name = LaunchScreen.storyboard;
			sourceTree = "<group>";
		};
/* End PBXVariantGroup section */

/* Begin XCBuildConfiguration section */
		A9F8B6F01C2FE05400540306 /* Debug */ = {
			isa = XCBuildConfiguration;
			buildSettings = {
				ALWAYS_SEARCH_USER_PATHS = NO;
				CLANG_CXX_LANGUAGE_STANDARD = "gnu++0x";
				CLANG_CXX_LIBRARY = "libc++";
				CLANG_ENABLE_MODULES = YES;
				CLANG_ENABLE_OBJC_ARC = YES;
				CLANG_WARN_BOOL_CONVERSION = YES;
				CLANG_WARN_CONSTANT_CONVERSION = YES;
				CLANG_WARN_DIRECT_OBJC_ISA_USAGE = YES_ERROR;
				CLANG_WARN_EMPTY_BODY = YES;
				CLANG_WARN_ENUM_CONVERSION = YES;
				CLANG_WARN_INT_CONVERSION = YES;
				CLANG_WARN_OBJC_ROOT_CLASS = YES_ERROR;
				CLANG_WARN_UNREACHABLE_CODE = YES;
				CLANG_WARN__DUPLICATE_METHOD_MATCH = YES;
				"CODE_SIGN_IDENTITY[sdk=iphoneos*]" = "iPhone Developer";
				COPY_PHASE_STRIP = NO;
				DEBUG_INFORMATION_FORMAT = dwarf;
				ENABLE_STRICT_OBJC_MSGSEND = YES;
				ENABLE_TESTABILITY = YES;
				GCC_C_LANGUAGE_STANDARD = gnu99;
				GCC_DYNAMIC_NO_PIC = NO;
				GCC_NO_COMMON_BLOCKS = YES;
				GCC_OPTIMIZATION_LEVEL = 0;
				GCC_PREPROCESSOR_DEFINITIONS = (
					"DEBUG=1",
					"$(inherited)",
				);
				GCC_WARN_64_TO_32_BIT_CONVERSION = YES;
				GCC_WARN_ABOUT_RETURN_TYPE = YES_ERROR;
				GCC_WARN_UNDECLARED_SELECTOR = YES;
				GCC_WARN_UNINITIALIZED_AUTOS = YES_AGGRESSIVE;
				GCC_WARN_UNUSED_FUNCTION = YES;
				GCC_WARN_UNUSED_VARIABLE = YES;
				IPHONEOS_DEPLOYMENT_TARGET = 9.2;
				MTL_ENABLE_DEBUG_INFO = YES;
				ONLY_ACTIVE_ARCH = YES;
				SDKROOT = iphoneos;
				SWIFT_OPTIMIZATION_LEVEL = "-Onone";
			};
			name = Debug;
		};
		A9F8B6F11C2FE05400540306 /* Release */ = {
			isa = XCBuildConfiguration;
			buildSettings = {
				ALWAYS_SEARCH_USER_PATHS = NO;
				CLANG_CXX_LANGUAGE_STANDARD = "gnu++0x";
				CLANG_CXX_LIBRARY = "libc++";
				CLANG_ENABLE_MODULES = YES;
				CLANG_ENABLE_OBJC_ARC = YES;
				CLANG_WARN_BOOL_CONVERSION = YES;
				CLANG_WARN_CONSTANT_CONVERSION = YES;
				CLANG_WARN_DIRECT_OBJC_ISA_USAGE = YES_ERROR;
				CLANG_WARN_EMPTY_BODY = YES;
				CLANG_WARN_ENUM_CONVERSION = YES;
				CLANG_WARN_INT_CONVERSION = YES;
				CLANG_WARN_OBJC_ROOT_CLASS = YES_ERROR;
				CLANG_WARN_UNREACHABLE_CODE = YES;
				CLANG_WARN__DUPLICATE_METHOD_MATCH = YES;
				"CODE_SIGN_IDENTITY[sdk=iphoneos*]" = "iPhone Developer";
				COPY_PHASE_STRIP = NO;
				DEBUG_INFORMATION_FORMAT = "dwarf-with-dsym";
				ENABLE_NS_ASSERTIONS = NO;
				ENABLE_STRICT_OBJC_MSGSEND = YES;
				GCC_C_LANGUAGE_STANDARD = gnu99;
				GCC_NO_COMMON_BLOCKS = YES;
				GCC_WARN_64_TO_32_BIT_CONVERSION = YES;
				GCC_WARN_ABOUT_RETURN_TYPE = YES_ERROR;
				GCC_WARN_UNDECLARED_SELECTOR = YES;
				GCC_WARN_UNINITIALIZED_AUTOS = YES_AGGRESSIVE;
				GCC_WARN_UNUSED_FUNCTION = YES;
				GCC_WARN_UNUSED_VARIABLE = YES;
				IPHONEOS_DEPLOYMENT_TARGET = 9.2;
				MTL_ENABLE_DEBUG_INFO = NO;
				SDKROOT = iphoneos;
				VALIDATE_PRODUCT = YES;
			};
			name = Release;
		};
		A9F8B6F31C2FE05400540306 /* Debug */ = {
			isa = XCBuildConfiguration;
			buildSettings = {
				ASSETCATALOG_COMPILER_APPICON_NAME = AppIcon;
				INFOPLIST_FILE = GoTao/Info.plist;
				IPHONEOS_DEPLOYMENT_TARGET = 9.2;
				LD_RUNPATH_SEARCH_PATHS = "$(inherited) @executable_path/Frameworks";
				PRODUCT_BUNDLE_IDENTIFIER = GoTao;
				PRODUCT_NAME = "$(TARGET_NAME)";
			};
			name = Debug;
		};
		A9F8B6F41C2FE05400540306 /* Release */ = {
			isa = XCBuildConfiguration;
			buildSettings = {
				ASSETCATALOG_COMPILER_APPICON_NAME = AppIcon;
				INFOPLIST_FILE = GoTao/Info.plist;
				IPHONEOS_DEPLOYMENT_TARGET = 9.2;
				LD_RUNPATH_SEARCH_PATHS = "$(inherited) @executable_path/Frameworks";
				PRODUCT_BUNDLE_IDENTIFIER = GoTao;
				PRODUCT_NAME = "$(TARGET_NAME)";
			};
			name = Release;
		};
		A9F8B6F61C2FE05400540306 /* Debug */ = {
			isa = XCBuildConfiguration;
			buildSettings = {
				BUNDLE_LOADER = "$(TEST_HOST)";
				INFOPLIST_FILE = GoTaoTests/Info.plist;
				LD_RUNPATH_SEARCH_PATHS = "$(inherited) @executable_path/Frameworks @loader_path/Frameworks";
				PRODUCT_BUNDLE_IDENTIFIER = markNote.GoTaoTests;
				PRODUCT_NAME = "$(TARGET_NAME)";
				TEST_HOST = "$(BUILT_PRODUCTS_DIR)/GoTao.app/GoTao";
			};
			name = Debug;
		};
		A9F8B6F71C2FE05400540306 /* Release */ = {
			isa = XCBuildConfiguration;
			buildSettings = {
				BUNDLE_LOADER = "$(TEST_HOST)";
				INFOPLIST_FILE = GoTaoTests/Info.plist;
				LD_RUNPATH_SEARCH_PATHS = "$(inherited) @executable_path/Frameworks @loader_path/Frameworks";
				PRODUCT_BUNDLE_IDENTIFIER = markNote.GoTaoTests;
				PRODUCT_NAME = "$(TARGET_NAME)";
				TEST_HOST = "$(BUILT_PRODUCTS_DIR)/GoTao.app/GoTao";
			};
			name = Release;
		};
/* End XCBuildConfiguration section */

/* Begin XCConfigurationList section */
		A9F8B6C51C2FE05400540306 /* Build configuration list for PBXProject "GoTao" */ = {
			isa = XCConfigurationList;
			buildConfigurations = (
				A9F8B6F01C2FE05400540306 /* Debug */,
				A9F8B6F11C2FE05400540306 /* Release */,
			);
			defaultConfigurationIsVisible = 0;
			defaultConfigurationName = Release;
		};
		A9F8B6F21C2FE05400540306 /* Build configuration list for PBXNativeTarget "GoTao" */ = {
			isa = XCConfigurationList;
			buildConfigurations = (
				A9F8B6F31C2FE05400540306 /* Debug */,
				A9F8B6F41C2FE05400540306 /* Release */,
			);
			defaultConfigurationIsVisible = 0;
			defaultConfigurationName = Release;
		};
		A9F8B6F51C2FE05400540306 /* Build configuration list for PBXNativeTarget "GoTaoTests" */ = {
			isa = XCConfigurationList;
			buildConfigurations = (
				A9F8B6F61C2FE05400540306 /* Debug */,
				A9F8B6F71C2FE05400540306 /* Release */,
			);
			defaultConfigurationIsVisible = 0;
			defaultConfigurationName = Release;
		};
/* End XCConfigurationList section */
	};
	rootObject = A9F8B6C21C2FE05400540306 /* Project object */;
}
